
Microsoft Visual Studio Solution File, Format Version 12.00
# Visual Studio Version 17
VisualStudioVersion = 17.3.32922.545
MinimumVisualStudioVersion = 10.0.40219.1
Project("{FAE04EC0-301F-11D3-BF4B-00C04F79EFBC}") = "01 Basic_Cycles_Arrays", "01 Basic_Cycles_Arrays\01 Basic_Cycles_Arrays.csproj", "{9BFE8137-A063-4EA3-8D6A-79F94323D197}"
EndProject
Global
	GlobalSection(SolutionConfigurationPlatforms) = preSolution
		Debug|Any CPU = Debug|Any CPU
		Release|Any CPU = Release|Any CPU
	EndGlobalSection
	GlobalSection(ProjectConfigurationPlatforms) = postSolution
		{9BFE8137-A063-4EA3-8D6A-79F94323D197}.Debug|Any CPU.ActiveCfg = Debug|Any CPU
		{9BFE8137-A063-4EA3-8D6A-79F94323D197}.Debug|Any CPU.Build.0 = Debug|Any CPU
		{9BFE8137-A063-4EA3-8D6A-79F94323D197}.Release|Any CPU.ActiveCfg = Release|Any CPU
		{9BFE8137-A063-4EA3-8D6A-79F94323D197}.Release|Any CPU.Build.0 = Release|Any CPU
	EndGlobalSection
	GlobalSection(SolutionProperties) = preSolution
		HideSolutionNode = FALSE
	EndGlobalSection
	GlobalSection(ExtensibilityGlobals) = postSolution
		SolutionGuid = {4095CB24-F6E8-4718-A46A-1C162A378C50}
	EndGlobalSection
EndGlobal
